// !$*UTF8*$!
{
	archiveVersion = 1;
	classes = {
	};
	objectVersion = 56;
	objects = {

/* Begin PBXBuildFile section */
		A00100000000000000000001 /* QipliAppDelegate.swift in Sources */ = {isa = PBXBuildFile; fileRef = A00200000000000000000001 /* QipliAppDelegate.swift */; };
		A00100000000000000000002 /* ApplicationShell.swift in Sources */ = {isa = PBXBuildFile; fileRef = A00200000000000000000002 /* ApplicationShell.swift */; };
		A00100000000000000000003 /* AccessibilityPermissionService.swift in Sources */ = {isa = PBXBuildFile; fileRef = A00200000000000000000003 /* AccessibilityPermissionService.swift */; };
		A00100000000000000000004 /* GlobalInput.swift in Sources */ = {isa = PBXBuildFile; fileRef = A00200000000000000000004 /* GlobalInput.swift */; };
		A00100000000000000000005 /* CGEventTapAdapter.swift in Sources */ = {isa = PBXBuildFile; fileRef = A00200000000000000000005 /* CGEventTapAdapter.swift */; };
		A00100000000000000000006 /* PanelController.swift in Sources */ = {isa = PBXBuildFile; fileRef = A00200000000000000000006 /* PanelController.swift */; };
		A00100000000000000000007 /* PlaceholderViews.swift in Sources */ = {isa = PBXBuildFile; fileRef = A00200000000000000000007 /* PlaceholderViews.swift */; };
		A00100000000000000000008 /* InputCoordinatorTests.swift in Sources */ = {isa = PBXBuildFile; fileRef = A00200000000000000000008 /* InputCoordinatorTests.swift */; };
		A00100000000000000000009 /* EventTapRecoveryPolicy.swift in Sources */ = {isa = PBXBuildFile; fileRef = A00200000000000000000013 /* EventTapRecoveryPolicy.swift */; };
		A00100000000000000000010 /* SyntheticEventMarker.swift in Sources */ = {isa = PBXBuildFile; fileRef = A00200000000000000000014 /* SyntheticEventMarker.swift */; };
		A00100000000000000000011 /* PasteboardMonitor.swift in Sources */ = {isa = PBXBuildFile; fileRef = A00200000000000000000015 /* PasteboardMonitor.swift */; };
		A00100000000000000000012 /* HistoryEntry.swift in Sources */ = {isa = PBXBuildFile; fileRef = A00200000000000000000016 /* HistoryEntry.swift */; };
		A00100000000000000000013 /* HistoryStore.swift in Sources */ = {isa = PBXBuildFile; fileRef = A00200000000000000000017 /* HistoryStore.swift */; };
		A00100000000000000000014 /* HistoryService.swift in Sources */ = {isa = PBXBuildFile; fileRef = A00200000000000000000018 /* HistoryService.swift */; };
		A00100000000000000000015 /* HistoryViewModel.swift in Sources */ = {isa = PBXBuildFile; fileRef = A00200000000000000000019 /* HistoryViewModel.swift */; };
		A00100000000000000000016 /* PasteboardMonitorTests.swift in Sources */ = {isa = PBXBuildFile; fileRef = A00200000000000000000020 /* PasteboardMonitorTests.swift */; };
		A00100000000000000000017 /* HistoryStoreTests.swift in Sources */ = {isa = PBXBuildFile; fileRef = A00200000000000000000021 /* HistoryStoreTests.swift */; };
		A00100000000000000000018 /* HistoryPasteExecutor.swift in Sources */ = {isa = PBXBuildFile; fileRef = A00200000000000000000022 /* HistoryPasteExecutor.swift */; };
		A00100000000000000000019 /* HistorySearchPasteTests.swift in Sources */ = {isa = PBXBuildFile; fileRef = A00200000000000000000023 /* HistorySearchPasteTests.swift */; };
/* End PBXBuildFile section */

/* Begin PBXContainerItemProxy section */
		A01100000000000000000001 /* PBXContainerItemProxy */ = {
			isa = PBXContainerItemProxy;
			containerPortal = A01000000000000000000001 /* Project object */;
			proxyType = 1;
			remoteGlobalIDString = A00500000000000000000001;
			remoteInfo = Qipli;
		};
/* End PBXContainerItemProxy section */

/* Begin PBXFileReference section */
		A00200000000000000000001 /* QipliAppDelegate.swift */ = {isa = PBXFileReference; lastKnownFileType = sourcecode.swift; path = QipliAppDelegate.swift; sourceTree = "<group>"; };
		A00200000000000000000002 /* ApplicationShell.swift */ = {isa = PBXFileReference; lastKnownFileType = sourcecode.swift; path = ApplicationShell.swift; sourceTree = "<group>"; };
		A00200000000000000000003 /* AccessibilityPermissionService.swift */ = {isa = PBXFileReference; lastKnownFileType = sourcecode.swift; path = AccessibilityPermissionService.swift; sourceTree = "<group>"; };
		A00200000000000000000004 /* GlobalInput.swift */ = {isa = PBXFileReference; lastKnownFileType = sourcecode.swift; path = GlobalInput.swift; sourceTree = "<group>"; };
		A00200000000000000000005 /* CGEventTapAdapter.swift */ = {isa = PBXFileReference; lastKnownFileType = sourcecode.swift; path = CGEventTapAdapter.swift; sourceTree = "<group>"; };
		A00200000000000000000006 /* PanelController.swift */ = {isa = PBXFileReference; lastKnownFileType = sourcecode.swift; path = PanelController.swift; sourceTree = "<group>"; };
		A00200000000000000000007 /* PlaceholderViews.swift */ = {isa = PBXFileReference; lastKnownFileType = sourcecode.swift; path = PlaceholderViews.swift; sourceTree = "<group>"; };
		A00200000000000000000008 /* InputCoordinatorTests.swift */ = {isa = PBXFileReference; lastKnownFileType = sourcecode.swift; path = InputCoordinatorTests.swift; sourceTree = "<group>"; };
		A00200000000000000000009 /* Info.plist */ = {isa = PBXFileReference; lastKnownFileType = text.plist.xml; path = Info.plist; sourceTree = "<group>"; };
		A00200000000000000000010 /* Qipli.entitlements */ = {isa = PBXFileReference; lastKnownFileType = text.plist.entitlements; path = Qipli.entitlements; sourceTree = "<group>"; };
		A00200000000000000000011 /* Qipli.app */ = {isa = PBXFileReference; explicitFileType = wrapper.application; includeInIndex = 0; path = Qipli.app; sourceTree = BUILT_PRODUCTS_DIR; };
		A00200000000000000000012 /* QipliTests.xctest */ = {isa = PBXFileReference; explicitFileType = wrapper.cfbundle; includeInIndex = 0; path = QipliTests.xctest; sourceTree = BUILT_PRODUCTS_DIR; };
		A00200000000000000000013 /* EventTapRecoveryPolicy.swift */ = {isa = PBXFileReference; lastKnownFileType = sourcecode.swift; path = EventTapRecoveryPolicy.swift; sourceTree = "<group>"; };
		A00200000000000000000014 /* SyntheticEventMarker.swift */ = {isa = PBXFileReference; lastKnownFileType = sourcecode.swift; path = SyntheticEventMarker.swift; sourceTree = "<group>"; };
		A00200000000000000000015 /* PasteboardMonitor.swift */ = {isa = PBXFileReference; lastKnownFileType = sourcecode.swift; path = PasteboardMonitor.swift; sourceTree = "<group>"; };
		A00200000000000000000016 /* HistoryEntry.swift */ = {isa = PBXFileReference; lastKnownFileType = sourcecode.swift; path = HistoryEntry.swift; sourceTree = "<group>"; };
		A00200000000000000000017 /* HistoryStore.swift */ = {isa = PBXFileReference; lastKnownFileType = sourcecode.swift; path = HistoryStore.swift; sourceTree = "<group>"; };
		A00200000000000000000018 /* HistoryService.swift */ = {isa = PBXFileReference; lastKnownFileType = sourcecode.swift; path = HistoryService.swift; sourceTree = "<group>"; };
		A00200000000000000000019 /* HistoryViewModel.swift */ = {isa = PBXFileReference; lastKnownFileType = sourcecode.swift; path = HistoryViewModel.swift; sourceTree = "<group>"; };
		A00200000000000000000020 /* PasteboardMonitorTests.swift */ = {isa = PBXFileReference; lastKnownFileType = sourcecode.swift; path = PasteboardMonitorTests.swift; sourceTree = "<group>"; };
		A00200000000000000000021 /* HistoryStoreTests.swift */ = {isa = PBXFileReference; lastKnownFileType = sourcecode.swift; path = HistoryStoreTests.swift; sourceTree = "<group>"; };
		A00200000000000000000022 /* HistoryPasteExecutor.swift */ = {isa = PBXFileReference; lastKnownFileType = sourcecode.swift; path = HistoryPasteExecutor.swift; sourceTree = "<group>"; };
		A00200000000000000000023 /* HistorySearchPasteTests.swift */ = {isa = PBXFileReference; lastKnownFileType = sourcecode.swift; path = HistorySearchPasteTests.swift; sourceTree = "<group>"; };
/* End PBXFileReference section */

/* Begin PBXFrameworksBuildPhase section */
		A00300000000000000000001 /* Frameworks */ = {
			isa = PBXFrameworksBuildPhase;
			buildActionMask = 2147483647;
			files = (
			);
			runOnlyForDeploymentPostprocessing = 0;
		};
		A00300000000000000000002 /* Frameworks */ = {
			isa = PBXFrameworksBuildPhase;
			buildActionMask = 2147483647;
			files = (
			);
			runOnlyForDeploymentPostprocessing = 0;
		};
/* End PBXFrameworksBuildPhase section */

/* Begin PBXGroup section */
		A00400000000000000000001 = {
			isa = PBXGroup;
			children = (
				A00400000000000000000002 /* Sources/Qipli */,
				A00400000000000000000006 /* Tests/QipliTests */,
				A00400000000000000000007 /* Products */,
			);
			sourceTree = "<group>";
		};
		A00400000000000000000002 /* Sources/Qipli */ = {
			isa = PBXGroup;
			children = (
				A00400000000000000000003 /* App */,
				A00400000000000000000004 /* Input */,
				A00400000000000000000009 /* Clipboard */,
				A00400000000000000000010 /* History */,
				A00400000000000000000005 /* UI */,
				A00400000000000000000008 /* Resources */,
			);
			path = Sources/Qipli;
			sourceTree = "<group>";
		};
		A00400000000000000000003 /* App */ = {
			isa = PBXGroup;
			children = (
				A00200000000000000000001 /* QipliAppDelegate.swift */,
				A00200000000000000000002 /* ApplicationShell.swift */,
			);
			path = App;
			sourceTree = "<group>";
		};
		A00400000000000000000004 /* Input */ = {
			isa = PBXGroup;
			children = (
				A00200000000000000000003 /* AccessibilityPermissionService.swift */,
				A00200000000000000000004 /* GlobalInput.swift */,
				A00200000000000000000005 /* CGEventTapAdapter.swift */,
				A00200000000000000000013 /* EventTapRecoveryPolicy.swift */,
				A00200000000000000000014 /* SyntheticEventMarker.swift */,
				A00200000000000000000022 /* HistoryPasteExecutor.swift */,
			);
			path = Input;
			sourceTree = "<group>";
		};
		A00400000000000000000005 /* UI */ = {
			isa = PBXGroup;
			children = (
				A00200000000000000000006 /* PanelController.swift */,
				A00200000000000000000007 /* PlaceholderViews.swift */,
			);
			path = UI;
			sourceTree = "<group>";
		};
		A00400000000000000000006 /* Tests/QipliTests */ = {
			isa = PBXGroup;
			children = (
				A00200000000000000000008 /* InputCoordinatorTests.swift */,
				A00200000000000000000020 /* PasteboardMonitorTests.swift */,
				A00200000000000000000021 /* HistoryStoreTests.swift */,
				A00200000000000000000023 /* HistorySearchPasteTests.swift */,
			);
			path = Tests/QipliTests;
			sourceTree = "<group>";
		};
		A00400000000000000000009 /* Clipboard */ = {
			isa = PBXGroup;
			children = (
				A00200000000000000000015 /* PasteboardMonitor.swift */,
			);
			path = Clipboard;
			sourceTree = "<group>";
		};
		A00400000000000000000010 /* History */ = {
			isa = PBXGroup;
			children = (
				A00200000000000000000016 /* HistoryEntry.swift */,
				A00200000000000000000017 /* HistoryStore.swift */,
				A00200000000000000000018 /* HistoryService.swift */,
				A00200000000000000000019 /* HistoryViewModel.swift */,
			);
			path = History;
			sourceTree = "<group>";
		};
		A00400000000000000000007 /* Products */ = {
			isa = PBXGroup;
			children = (
				A00200000000000000000011 /* Qipli.app */,
				A00200000000000000000012 /* QipliTests.xctest */,
			);
			name = Products;
			sourceTree = "<group>";
		};
		A00400000000000000000008 /* Resources */ = {
			isa = PBXGroup;
			children = (
				A00200000000000000000009 /* Info.plist */,
				A00200000000000000000010 /* Qipli.entitlements */,
			);
			path = Resources;
			sourceTree = "<group>";
		};
/* End PBXGroup section */

/* Begin PBXNativeTarget section */
		A00500000000000000000001 /* Qipli */ = {
			isa = PBXNativeTarget;
			buildConfigurationList = A00600000000000000000002 /* Build configuration list for PBXNativeTarget "Qipli" */;
			buildPhases = (
				A00700000000000000000001 /* Sources */,
				A00300000000000000000001 /* Frameworks */,
				A00800000000000000000001 /* Resources */,
			);
			buildRules = (
			);
			dependencies = (
			);
			name = Qipli;
			productName = Qipli;
			productReference = A00200000000000000000011 /* Qipli.app */;
			productType = "com.apple.product-type.application";
		};
		A00500000000000000000002 /* QipliTests */ = {
			isa = PBXNativeTarget;
			buildConfigurationList = A00600000000000000000003 /* Build configuration list for PBXNativeTarget "QipliTests" */;
			buildPhases = (
				A00700000000000000000002 /* Sources */,
				A00300000000000000000002 /* Frameworks */,
			);
			buildRules = (
			);
			dependencies = (
				A00900000000000000000001 /* PBXTargetDependency */,
			);
			name = QipliTests;
			productName = QipliTests;
			productReference = A00200000000000000000012 /* QipliTests.xctest */;
			productType = "com.apple.product-type.bundle.unit-test";
		};
/* End PBXNativeTarget section */

/* Begin PBXProject section */
		A01000000000000000000001 /* Project object */ = {
			isa = PBXProject;
			attributes = {
				LastSwiftUpdateCheck = 1600;
				LastUpgradeCheck = 1600;
				TargetAttributes = {
					A00500000000000000000001 = {
						CreatedOnToolsVersion = 16.0;
					};
					A00500000000000000000002 = {
						CreatedOnToolsVersion = 16.0;
						TestTargetID = A00500000000000000000001;
					};
				};
			};
			buildConfigurationList = A00600000000000000000001 /* Build configuration list for PBXProject "Qipli" */;
			compatibilityVersion = "Xcode 14.0";
			developmentRegion = en;
			hasScannedForEncodings = 0;
			knownRegions = (
				en,
				Base,
			);
			mainGroup = A00400000000000000000001;
			productRefGroup = A00400000000000000000007 /* Products */;
			projectDirPath = "";
			projectRoot = "";
			targets = (
				A00500000000000000000001 /* Qipli */,
				A00500000000000000000002 /* QipliTests */,
			);
		};
/* End PBXProject section */

/* Begin PBXResourcesBuildPhase section */
		A00800000000000000000001 /* Resources */ = {
			isa = PBXResourcesBuildPhase;
			buildActionMask = 2147483647;
			files = (
			);
			runOnlyForDeploymentPostprocessing = 0;
		};
/* End PBXResourcesBuildPhase section */

/* Begin PBXSourcesBuildPhase section */
		A00700000000000000000001 /* Sources */ = {
			isa = PBXSourcesBuildPhase;
			buildActionMask = 2147483647;
			files = (
				A00100000000000000000001 /* QipliAppDelegate.swift in Sources */,
				A00100000000000000000002 /* ApplicationShell.swift in Sources */,
				A00100000000000000000003 /* AccessibilityPermissionService.swift in Sources */,
				A00100000000000000000004 /* GlobalInput.swift in Sources */,
				A00100000000000000000005 /* CGEventTapAdapter.swift in Sources */,
				A00100000000000000000009 /* EventTapRecoveryPolicy.swift in Sources */,
				A00100000000000000000010 /* SyntheticEventMarker.swift in Sources */,
				A00100000000000000000011 /* PasteboardMonitor.swift in Sources */,
				A00100000000000000000012 /* HistoryEntry.swift in Sources */,
				A00100000000000000000013 /* HistoryStore.swift in Sources */,
				A00100000000000000000014 /* HistoryService.swift in Sources */,
				A00100000000000000000015 /* HistoryViewModel.swift in Sources */,
				A00100000000000000000018 /* HistoryPasteExecutor.swift in Sources */,
				A00100000000000000000006 /* PanelController.swift in Sources */,
				A00100000000000000000007 /* PlaceholderViews.swift in Sources */,
			);
			runOnlyForDeploymentPostprocessing = 0;
		};
		A00700000000000000000002 /* Sources */ = {
			isa = PBXSourcesBuildPhase;
			buildActionMask = 2147483647;
			files = (
				A00100000000000000000008 /* InputCoordinatorTests.swift in Sources */,
				A00100000000000000000016 /* PasteboardMonitorTests.swift in Sources */,
				A00100000000000000000017 /* HistoryStoreTests.swift in Sources */,
				A00100000000000000000019 /* HistorySearchPasteTests.swift in Sources */,
			);
			runOnlyForDeploymentPostprocessing = 0;
		};
/* End PBXSourcesBuildPhase section */

/* Begin PBXTargetDependency section */
		A00900000000000000000001 /* PBXTargetDependency */ = {
			isa = PBXTargetDependency;
			target = A00500000000000000000001 /* Qipli */;
			targetProxy = A01100000000000000000001 /* PBXContainerItemProxy */;
		};
/* End PBXTargetDependency section */

/* Begin XCBuildConfiguration section */
		A01200000000000000000001 /* Debug */ = {
			isa = XCBuildConfiguration;
			buildSettings = {
				CLANG_ENABLE_MODULES = YES;
				SWIFT_VERSION = 5.0;
			};
			name = Debug;
		};
		A01200000000000000000002 /* Release */ = {
			isa = XCBuildConfiguration;
			buildSettings = {
				CLANG_ENABLE_MODULES = YES;
				SWIFT_VERSION = 5.0;
			};
			name = Release;
		};
		A01200000000000000000003 /* Debug */ = {
			isa = XCBuildConfiguration;
			buildSettings = {
				CODE_SIGN_ENTITLEMENTS = Sources/Qipli/Resources/Qipli.entitlements;
				CODE_SIGN_STYLE = Automatic;
				CURRENT_PROJECT_VERSION = 1;
				DEVELOPMENT_TEAM = 97869YN5V9;
				ENABLE_HARDENED_RUNTIME = YES;
				ENABLE_TESTABILITY = YES;
				GENERATE_INFOPLIST_FILE = NO;
				INFOPLIST_FILE = Sources/Qipli/Resources/Info.plist;
				MACOSX_DEPLOYMENT_TARGET = 14.0;
				MARKETING_VERSION = 1.0;
				PRODUCT_BUNDLE_IDENTIFIER = com.qipli.app;
				PRODUCT_NAME = Qipli;
				SDKROOT = macosx;
				SWIFT_ACTIVE_COMPILATION_CONDITIONS = DEBUG;
				SWIFT_OPTIMIZATION_LEVEL = "-Onone";
				SWIFT_VERSION = 5.0;
			};
			name = Debug;
		};
		A01200000000000000000004 /* Release */ = {
			isa = XCBuildConfiguration;
			buildSettings = {
				CODE_SIGN_ENTITLEMENTS = Sources/Qipli/Resources/Qipli.entitlements;
				CODE_SIGN_STYLE = Automatic;
				CURRENT_PROJECT_VERSION = 1;
				DEVELOPMENT_TEAM = 97869YN5V9;
				ENABLE_HARDENED_RUNTIME = YES;
				GENERATE_INFOPLIST_FILE = NO;
				INFOPLIST_FILE = Sources/Qipli/Resources/Info.plist;
				MACOSX_DEPLOYMENT_TARGET = 14.0;
				MARKETING_VERSION = 1.0;
				PRODUCT_BUNDLE_IDENTIFIER = com.qipli.app;
				PRODUCT_NAME = Qipli;
				SDKROOT = macosx;
				SWIFT_VERSION = 5.0;
			};
			name = Release;
		};
		A01200000000000000000005 /* Debug */ = {
			isa = XCBuildConfiguration;
			buildSettings = {
				BUNDLE_LOADER = "$(TEST_HOST)";
				CODE_SIGNING_ALLOWED = NO;
				GENERATE_INFOPLIST_FILE = YES;
				MACOSX_DEPLOYMENT_TARGET = 14.0;
				PRODUCT_BUNDLE_IDENTIFIER = com.qipli.tests;
				PRODUCT_MODULE_NAME = QipliTests;
				PRODUCT_NAME = QipliTests;
				SDKROOT = macosx;
				SWIFT_OPTIMIZATION_LEVEL = "-Onone";
				SWIFT_VERSION = 5.0;
				TEST_HOST = "$(BUILT_PRODUCTS_DIR)/Qipli.app/Contents/MacOS/Qipli";
			};
			name = Debug;
		};
		A01200000000000000000006 /* Release */ = {
			isa = XCBuildConfiguration;
			buildSettings = {
				BUNDLE_LOADER = "$(TEST_HOST)";
				CODE_SIGNING_ALLOWED = NO;
				GENERATE_INFOPLIST_FILE = YES;
				MACOSX_DEPLOYMENT_TARGET = 14.0;
				PRODUCT_BUNDLE_IDENTIFIER = com.qipli.tests;
				PRODUCT_MODULE_NAME = QipliTests;
				PRODUCT_NAME = QipliTests;
				SDKROOT = macosx;
				SWIFT_VERSION = 5.0;
				TEST_HOST = "$(BUILT_PRODUCTS_DIR)/Qipli.app/Contents/MacOS/Qipli";
			};
			name = Release;
		};
/* End XCBuildConfiguration section */

/* Begin XCConfigurationList section */
		A00600000000000000000001 /* Build configuration list for PBXProject "Qipli" */ = {
			isa = XCConfigurationList;
			buildConfigurations = (
				A01200000000000000000001 /* Debug */,
				A01200000000000000000002 /* Release */,
			);
			defaultConfigurationIsVisible = 0;
			defaultConfigurationName = Release;
		};
		A00600000000000000000002 /* Build configuration list for PBXNativeTarget "Qipli" */ = {
			isa = XCConfigurationList;
			buildConfigurations = (
				A01200000000000000000003 /* Debug */,
				A01200000000000000000004 /* Release */,
			);
			defaultConfigurationIsVisible = 0;
			defaultConfigurationName = Release;
		};
		A00600000000000000000003 /* Build configuration list for PBXNativeTarget "QipliTests" */ = {
			isa = XCConfigurationList;
			buildConfigurations = (
				A01200000000000000000005 /* Debug */,
				A01200000000000000000006 /* Release */,
			);
			defaultConfigurationIsVisible = 0;
			defaultConfigurationName = Release;
		};
/* End XCConfigurationList section */
	};
	rootObject = A01000000000000000000001 /* Project object */;
}
